
Microsoft Visual Studio Solution File, Format Version 12.00
# Visual Studio 15
VisualStudioVersion = 15.0.27703.2047
MinimumVisualStudioVersion = 10.0.40219.1
Project("{FAE04EC0-301F-11D3-BF4B-00C04F79EFBC}") = "Trabajo 1", "Trabajo 1\Trabajo 1.csproj", "{C88771A3-4127-4F47-81FA-5C53012DD874}"
EndProject
Global
	GlobalSection(SolutionConfigurationPlatforms) = preSolution
		Debug|Any CPU = Debug|Any CPU
		Release|Any CPU = Release|Any CPU
	EndGlobalSection
	GlobalSection(ProjectConfigurationPlatforms) = postSolution
		{C88771A3-4127-4F47-81FA-5C53012DD874}.Debug|Any CPU.ActiveCfg = Debug|Any CPU
		{C88771A3-4127-4F47-81FA-5C53012DD874}.Debug|Any CPU.Build.0 = Debug|Any CPU
		{C88771A3-4127-4F47-81FA-5C53012DD874}.Release|Any CPU.ActiveCfg = Release|Any CPU
		{C88771A3-4127-4F47-81FA-5C53012DD874}.Release|Any CPU.Build.0 = Release|Any CPU
	EndGlobalSection
	GlobalSection(SolutionProperties) = preSolution
		HideSolutionNode = FALSE
	EndGlobalSection
	GlobalSection(ExtensibilityGlobals) = postSolution
		SolutionGuid = {B712DD39-7855-465C-ABD5-31E4E2E42FBF}
	EndGlobalSection
EndGlobal
